
Microsoft Visual Studio Solution File, Format Version 12.00
# Visual Studio Version 17
VisualStudioVersion = 17.13.35913.81 d17.13
MinimumVisualStudioVersion = 10.0.40219.1
Project("{FAE04EC0-301F-11D3-BF4B-00C04F79EFBC}") = "WinFormsApp1plague", "WinFormsApp1plague\WinFormsApp1plague.csproj", "{0A7C4053-B4FB-4396-8841-924EA65A384E}"
EndProject
Global
	GlobalSection(SolutionConfigurationPlatforms) = preSolution
		Debug|Any CPU = Debug|Any CPU
		Release|Any CPU = Release|Any CPU
	EndGlobalSection
	GlobalSection(ProjectConfigurationPlatforms) = postSolution
		{0A7C4053-B4FB-4396-8841-924EA65A384E}.Debug|Any CPU.ActiveCfg = Debug|Any CPU
		{0A7C4053-B4FB-4396-8841-924EA65A384E}.Debug|Any CPU.Build.0 = Debug|Any CPU
		{0A7C4053-B4FB-4396-8841-924EA65A384E}.Release|Any CPU.ActiveCfg = Release|Any CPU
		{0A7C4053-B4FB-4396-8841-924EA65A384E}.Release|Any CPU.Build.0 = Release|Any CPU
	EndGlobalSection
	GlobalSection(SolutionProperties) = preSolution
		HideSolutionNode = FALSE
	EndGlobalSection
	GlobalSection(ExtensibilityGlobals) = postSolution
		SolutionGuid = {87347998-DB3E-4E72-88E2-D04DD2D4AEB1}
	EndGlobalSection
EndGlobal
